
Microsoft Visual Studio Solution File, Format Version 12.00
# Visual Studio Version 17
VisualStudioVersion = 17.1.32421.90
MinimumVisualStudioVersion = 10.0.40219.1
Project("{FAE04EC0-301F-11D3-BF4B-00C04F79EFBC}") = "KnightsGame_Part_2", "KnightsGame_Part_2\KnightsGame_Part_2.csproj", "{32587290-B732-47FB-9365-BBE8A5BCEC7E}"
EndProject
Global
	GlobalSection(SolutionConfigurationPlatforms) = preSolution
		Debug|Any CPU = Debug|Any CPU
		Release|Any CPU = Release|Any CPU
	EndGlobalSection
	GlobalSection(ProjectConfigurationPlatforms) = postSolution
		{32587290-B732-47FB-9365-BBE8A5BCEC7E}.Debug|Any CPU.ActiveCfg = Debug|Any CPU
		{32587290-B732-47FB-9365-BBE8A5BCEC7E}.Debug|Any CPU.Build.0 = Debug|Any CPU
		{32587290-B732-47FB-9365-BBE8A5BCEC7E}.Release|Any CPU.ActiveCfg = Release|Any CPU
		{32587290-B732-47FB-9365-BBE8A5BCEC7E}.Release|Any CPU.Build.0 = Release|Any CPU
	EndGlobalSection
	GlobalSection(SolutionProperties) = preSolution
		HideSolutionNode = FALSE
	EndGlobalSection
	GlobalSection(ExtensibilityGlobals) = postSolution
		SolutionGuid = {0E92C5DE-DA9A-414D-A643-CEA8BBB547C2}
	EndGlobalSection
EndGlobal
